
Microsoft Visual Studio Solution File, Format Version 12.00
# Visual Studio Version 17
VisualStudioVersion = 17.0.31919.166
MinimumVisualStudioVersion = 10.0.40219.1
Project("{9A19103F-16F7-4668-BE54-9A1E7A4F7556}") = "Ejercicio1", "Ejercicio1\Ejercicio1.csproj", "{6EF32417-EBA5-4DEF-811C-F7A91F1C6C38}"
EndProject
Project("{2150E333-8FDC-42A3-9474-1A3956D46DE8}") = "src", "src", "{9A6CE044-096C-4D3C-9CD9-0DE77D88D2F3}"
EndProject
Project("{2150E333-8FDC-42A3-9474-1A3956D46DE8}") = "test", "test", "{59D7B284-6B52-4C0A-9DBB-175136DC34BD}"
EndProject
Project("{9A19103F-16F7-4668-BE54-9A1E7A4F7556}") = "Ejercicio2", "Ejercicio2\Ejercicio2.csproj", "{3F3CE395-A42E-49FF-85CD-025776C5C2BD}"
EndProject
Project("{9A19103F-16F7-4668-BE54-9A1E7A4F7556}") = "Ejercicio3", "Ejercicio3\Ejercicio3.csproj", "{E9300D4B-DE7C-41D0-8838-7A1C7FA6FDB1}"
EndProject
Project("{9A19103F-16F7-4668-BE54-9A1E7A4F7556}") = "Ejercicio1.Test", "Ejercicio1.Test\Ejercicio1.Test.csproj", "{B768AC4C-485C-4B08-96F5-9A505EFF391E}"
EndProject
Project("{9A19103F-16F7-4668-BE54-9A1E7A4F7556}") = "Ejercicio1.Presentacion", "API.Ejercicio1\Ejercicio1.Presentacion.csproj", "{6022775B-A1D2-420B-BA30-2BA26AD1437B}"
EndProject
Project("{2150E333-8FDC-42A3-9474-1A3956D46DE8}") = "Practica 1", "Practica 1", "{B518DE58-7D6E-4DCB-87EA-FDFB17C8B910}"
EndProject
Project("{2150E333-8FDC-42A3-9474-1A3956D46DE8}") = "Practica 2", "Practica 2", "{E60C8A53-90A1-42F1-AB02-C1B3848C9F72}"
EndProject
Project("{2150E333-8FDC-42A3-9474-1A3956D46DE8}") = "Practica 3", "Practica 3", "{9157303D-F85B-4D12-AB85-CF1AE97CCDD5}"
EndProject
Project("{2150E333-8FDC-42A3-9474-1A3956D46DE8}") = "Ejercicio1", "Ejercicio1", "{783EA720-E854-4246-917C-4539264DFF35}"
EndProject
Project("{9A19103F-16F7-4668-BE54-9A1E7A4F7556}") = "Ejercicio1.Tests", "Ejercicio1.Tests\Ejercicio1.Tests.csproj", "{90277E92-C2FC-4780-B67E-64022F7B6842}"
EndProject
Project("{2150E333-8FDC-42A3-9474-1A3956D46DE8}") = "src", "src", "{7C0F2F76-CE9F-49EF-BC5D-9CE63BD92F92}"
EndProject
Project("{2150E333-8FDC-42A3-9474-1A3956D46DE8}") = "test", "test", "{6C14A681-0CAC-4691-A7D8-6A9714A91E22}"
EndProject
Project("{9A19103F-16F7-4668-BE54-9A1E7A4F7556}") = "PracticaLinq", "Linq\PracticaLinq.csproj", "{4311AC5D-0A2C-46BD-8914-83DC96A54979}"
EndProject
Project("{9A19103F-16F7-4668-BE54-9A1E7A4F7556}") = "LinqTests", "LinqTests\LinqTests.csproj", "{9ABFB0C3-2F2B-4F8F-8887-450B988FED55}"
EndProject
Global
	GlobalSection(SolutionConfigurationPlatforms) = preSolution
		Debug|Any CPU = Debug|Any CPU
		Release|Any CPU = Release|Any CPU
	EndGlobalSection
	GlobalSection(ProjectConfigurationPlatforms) = postSolution
		{6EF32417-EBA5-4DEF-811C-F7A91F1C6C38}.Debug|Any CPU.ActiveCfg = Debug|Any CPU
		{6EF32417-EBA5-4DEF-811C-F7A91F1C6C38}.Debug|Any CPU.Build.0 = Debug|Any CPU
		{6EF32417-EBA5-4DEF-811C-F7A91F1C6C38}.Release|Any CPU.ActiveCfg = Release|Any CPU
		{6EF32417-EBA5-4DEF-811C-F7A91F1C6C38}.Release|Any CPU.Build.0 = Release|Any CPU
		{3F3CE395-A42E-49FF-85CD-025776C5C2BD}.Debug|Any CPU.ActiveCfg = Debug|Any CPU
		{3F3CE395-A42E-49FF-85CD-025776C5C2BD}.Debug|Any CPU.Build.0 = Debug|Any CPU
		{3F3CE395-A42E-49FF-85CD-025776C5C2BD}.Release|Any CPU.ActiveCfg = Release|Any CPU
		{3F3CE395-A42E-49FF-85CD-025776C5C2BD}.Release|Any CPU.Build.0 = Release|Any CPU
		{E9300D4B-DE7C-41D0-8838-7A1C7FA6FDB1}.Debug|Any CPU.ActiveCfg = Debug|Any CPU
		{E9300D4B-DE7C-41D0-8838-7A1C7FA6FDB1}.Debug|Any CPU.Build.0 = Debug|Any CPU
		{E9300D4B-DE7C-41D0-8838-7A1C7FA6FDB1}.Release|Any CPU.ActiveCfg = Release|Any CPU
		{E9300D4B-DE7C-41D0-8838-7A1C7FA6FDB1}.Release|Any CPU.Build.0 = Release|Any CPU
		{B768AC4C-485C-4B08-96F5-9A505EFF391E}.Debug|Any CPU.ActiveCfg = Debug|Any CPU
		{B768AC4C-485C-4B08-96F5-9A505EFF391E}.Debug|Any CPU.Build.0 = Debug|Any CPU
		{B768AC4C-485C-4B08-96F5-9A505EFF391E}.Release|Any CPU.ActiveCfg = Release|Any CPU
		{B768AC4C-485C-4B08-96F5-9A505EFF391E}.Release|Any CPU.Build.0 = Release|Any CPU
		{6022775B-A1D2-420B-BA30-2BA26AD1437B}.Debug|Any CPU.ActiveCfg = Debug|Any CPU
		{6022775B-A1D2-420B-BA30-2BA26AD1437B}.Debug|Any CPU.Build.0 = Debug|Any CPU
		{6022775B-A1D2-420B-BA30-2BA26AD1437B}.Release|Any CPU.ActiveCfg = Release|Any CPU
		{6022775B-A1D2-420B-BA30-2BA26AD1437B}.Release|Any CPU.Build.0 = Release|Any CPU
		{90277E92-C2FC-4780-B67E-64022F7B6842}.Debug|Any CPU.ActiveCfg = Debug|Any CPU
		{90277E92-C2FC-4780-B67E-64022F7B6842}.Debug|Any CPU.Build.0 = Debug|Any CPU
		{90277E92-C2FC-4780-B67E-64022F7B6842}.Release|Any CPU.ActiveCfg = Release|Any CPU
		{90277E92-C2FC-4780-B67E-64022F7B6842}.Release|Any CPU.Build.0 = Release|Any CPU
		{4311AC5D-0A2C-46BD-8914-83DC96A54979}.Debug|Any CPU.ActiveCfg = Debug|Any CPU
		{4311AC5D-0A2C-46BD-8914-83DC96A54979}.Debug|Any CPU.Build.0 = Debug|Any CPU
		{4311AC5D-0A2C-46BD-8914-83DC96A54979}.Release|Any CPU.ActiveCfg = Release|Any CPU
		{4311AC5D-0A2C-46BD-8914-83DC96A54979}.Release|Any CPU.Build.0 = Release|Any CPU
		{9ABFB0C3-2F2B-4F8F-8887-450B988FED55}.Debug|Any CPU.ActiveCfg = Debug|Any CPU
		{9ABFB0C3-2F2B-4F8F-8887-450B988FED55}.Debug|Any CPU.Build.0 = Debug|Any CPU
		{9ABFB0C3-2F2B-4F8F-8887-450B988FED55}.Release|Any CPU.ActiveCfg = Release|Any CPU
		{9ABFB0C3-2F2B-4F8F-8887-450B988FED55}.Release|Any CPU.Build.0 = Release|Any CPU
	EndGlobalSection
	GlobalSection(SolutionProperties) = preSolution
		HideSolutionNode = FALSE
	EndGlobalSection
	GlobalSection(NestedProjects) = preSolution
		{6EF32417-EBA5-4DEF-811C-F7A91F1C6C38} = {9A6CE044-096C-4D3C-9CD9-0DE77D88D2F3}
		{9A6CE044-096C-4D3C-9CD9-0DE77D88D2F3} = {E60C8A53-90A1-42F1-AB02-C1B3848C9F72}
		{59D7B284-6B52-4C0A-9DBB-175136DC34BD} = {E60C8A53-90A1-42F1-AB02-C1B3848C9F72}
		{3F3CE395-A42E-49FF-85CD-025776C5C2BD} = {9A6CE044-096C-4D3C-9CD9-0DE77D88D2F3}
		{E9300D4B-DE7C-41D0-8838-7A1C7FA6FDB1} = {9A6CE044-096C-4D3C-9CD9-0DE77D88D2F3}
		{B768AC4C-485C-4B08-96F5-9A505EFF391E} = {59D7B284-6B52-4C0A-9DBB-175136DC34BD}
		{6022775B-A1D2-420B-BA30-2BA26AD1437B} = {783EA720-E854-4246-917C-4539264DFF35}
		{783EA720-E854-4246-917C-4539264DFF35} = {9157303D-F85B-4D12-AB85-CF1AE97CCDD5}
		{90277E92-C2FC-4780-B67E-64022F7B6842} = {783EA720-E854-4246-917C-4539264DFF35}
		{7C0F2F76-CE9F-49EF-BC5D-9CE63BD92F92} = {B518DE58-7D6E-4DCB-87EA-FDFB17C8B910}
		{6C14A681-0CAC-4691-A7D8-6A9714A91E22} = {B518DE58-7D6E-4DCB-87EA-FDFB17C8B910}
		{4311AC5D-0A2C-46BD-8914-83DC96A54979} = {7C0F2F76-CE9F-49EF-BC5D-9CE63BD92F92}
		{9ABFB0C3-2F2B-4F8F-8887-450B988FED55} = {6C14A681-0CAC-4691-A7D8-6A9714A91E22}
	EndGlobalSection
	GlobalSection(ExtensibilityGlobals) = postSolution
		SolutionGuid = {F3065853-4511-40F3-BD8E-AFA26F5A56C9}
	EndGlobalSection
EndGlobal
